// !$*UTF8*$!
{
	archiveVersion = 1;
	classes = {
	};
	objectVersion = 56;
	objects = {

/* Begin PBXBuildFile section */
		318F1CA12B31C1E100185543 /* AppDelegate.swift in Sources */ = {isa = PBXBuildFile; fileRef = 318F1CA02B31C1E100185543 /* AppDelegate.swift */; };
		318F1CA32B31C1E100185543 /* SceneDelegate.swift in Sources */ = {isa = PBXBuildFile; fileRef = 318F1CA22B31C1E100185543 /* SceneDelegate.swift */; };
		318F1CA52B31C1E100185543 /* ViewController.swift in Sources */ = {isa = PBXBuildFile; fileRef = 318F1CA42B31C1E100185543 /* ViewController.swift */; };
		318F1CA82B31C1E100185543 /* Main.storyboard in Resources */ = {isa = PBXBuildFile; fileRef = 318F1CA62B31C1E100185543 /* Main.storyboard */; };
		318F1CAA2B31C1E400185543 /* Assets.xcassets in Resources */ = {isa = PBXBuildFile; fileRef = 318F1CA92B31C1E400185543 /* Assets.xcassets */; };
		318F1CAD2B31C1E400185543 /* LaunchScreen.storyboard in Resources */ = {isa = PBXBuildFile; fileRef = 318F1CAB2B31C1E400185543 /* LaunchScreen.storyboard */; };
		318F1CB82B31C1E400185543 /* firstappTests.swift in Sources */ = {isa = PBXBuildFile; fileRef = 318F1CB72B31C1E400185543 /* firstappTests.swift */; };
		318F1CC22B31C1E400185543 /* firstappUITests.swift in Sources */ = {isa = PBXBuildFile; fileRef = 318F1CC12B31C1E400185543 /* firstappUITests.swift */; };
		318F1CC42B31C1E400185543 /* firstappUITestsLaunchTests.swift in Sources */ = {isa = PBXBuildFile; fileRef = 318F1CC32B31C1E400185543 /* firstappUITestsLaunchTests.swift */; };
/* End PBXBuildFile section */

/* Begin PBXContainerItemProxy section */
		318F1CB42B31C1E400185543 /* PBXContainerItemProxy */ = {
			isa = PBXContainerItemProxy;
			containerPortal = 318F1C952B31C1E100185543 /* Project object */;
			proxyType = 1;
			remoteGlobalIDString = 318F1C9C2B31C1E100185543;
			remoteInfo = firstapp;
		};
		318F1CBE2B31C1E400185543 /* PBXContainerItemProxy */ = {
			isa = PBXContainerItemProxy;
			containerPortal = 318F1C952B31C1E100185543 /* Project object */;
			proxyType = 1;
			remoteGlobalIDString = 318F1C9C2B31C1E100185543;
			remoteInfo = firstapp;
		};
/* End PBXContainerItemProxy section */

/* Begin PBXFileReference section */
		318F1C9D2B31C1E100185543 /* firstapp.app */ = {isa = PBXFileReference; explicitFileType = wrapper.application; includeInIndex = 0; path = firstapp.app; sourceTree = BUILT_PRODUCTS_DIR; };
		318F1CA02B31C1E100185543 /* AppDelegate.swift */ = {isa = PBXFileReference; lastKnownFileType = sourcecode.swift; path = AppDelegate.swift; sourceTree = "<group>"; };
		318F1CA22B31C1E100185543 /* SceneDelegate.swift */ = {isa = PBXFileReference; lastKnownFileType = sourcecode.swift; path = SceneDelegate.swift; sourceTree = "<group>"; };
		318F1CA42B31C1E100185543 /* ViewController.swift */ = {isa = PBXFileReference; lastKnownFileType = sourcecode.swift; path = ViewController.swift; sourceTree = "<group>"; };
		318F1CA72B31C1E100185543 /* Base */ = {isa = PBXFileReference; lastKnownFileType = file.storyboard; name = Base; path = Base.lproj/Main.storyboard; sourceTree = "<group>"; };
		318F1CA92B31C1E400185543 /* Assets.xcassets */ = {isa = PBXFileReference; lastKnownFileType = folder.assetcatalog; path = Assets.xcassets; sourceTree = "<group>"; };
		318F1CAC2B31C1E400185543 /* Base */ = {isa = PBXFileReference; lastKnownFileType = file.storyboard; name = Base; path = Base.lproj/LaunchScreen.storyboard; sourceTree = "<group>"; };
		318F1CAE2B31C1E400185543 /* Info.plist */ = {isa = PBXFileReference; lastKnownFileType = text.plist.xml; path = Info.plist; sourceTree = "<group>"; };
		318F1CB32B31C1E400185543 /* firstappTests.xctest */ = {isa = PBXFileReference; explicitFileType = wrapper.cfbundle; includeInIndex = 0; path = firstappTests.xctest; sourceTree = BUILT_PRODUCTS_DIR; };
		318F1CB72B31C1E400185543 /* firstappTests.swift */ = {isa = PBXFileReference; lastKnownFileType = sourcecode.swift; path = firstappTests.swift; sourceTree = "<group>"; };
		318F1CBD2B31C1E400185543 /* firstappUITests.xctest */ = {isa = PBXFileReference; explicitFileType = wrapper.cfbundle; includeInIndex = 0; path = firstappUITests.xctest; sourceTree = BUILT_PRODUCTS_DIR; };
		318F1CC12B31C1E400185543 /* firstappUITests.swift */ = {isa = PBXFileReference; lastKnownFileType = sourcecode.swift; path = firstappUITests.swift; sourceTree = "<group>"; };
		318F1CC32B31C1E400185543 /* firstappUITestsLaunchTests.swift */ = {isa = PBXFileReference; lastKnownFileType = sourcecode.swift; path = firstappUITestsLaunchTests.swift; sourceTree = "<group>"; };
/* End PBXFileReference section */

/* Begin PBXFrameworksBuildPhase section */
		318F1C9A2B31C1E100185543 /* Frameworks */ = {
			isa = PBXFrameworksBuildPhase;
			buildActionMask = 2147483647;
			files = (
			);
			runOnlyForDeploymentPostprocessing = 0;
		};
		318F1CB02B31C1E400185543 /* Frameworks */ = {
			isa = PBXFrameworksBuildPhase;
			buildActionMask = 2147483647;
			files = (
			);
			runOnlyForDeploymentPostprocessing = 0;
		};
		318F1CBA2B31C1E400185543 /* Frameworks */ = {
			isa = PBXFrameworksBuildPhase;
			buildActionMask = 2147483647;
			files = (
			);
			runOnlyForDeploymentPostprocessing = 0;
		};
/* End PBXFrameworksBuildPhase section */

/* Begin PBXGroup section */
		318F1C942B31C1E100185543 = {
			isa = PBXGroup;
			children = (
				318F1C9F2B31C1E100185543 /* firstapp */,
				318F1CB62B31C1E400185543 /* firstappTests */,
				318F1CC02B31C1E400185543 /* firstappUITests */,
				318F1C9E2B31C1E100185543 /* Products */,
			);
			sourceTree = "<group>";
		};
		318F1C9E2B31C1E100185543 /* Products */ = {
			isa = PBXGroup;
			children = (
				318F1C9D2B31C1E100185543 /* firstapp.app */,
				318F1CB32B31C1E400185543 /* firstappTests.xctest */,
				318F1CBD2B31C1E400185543 /* firstappUITests.xctest */,
			);
			name = Products;
			sourceTree = "<group>";
		};
		318F1C9F2B31C1E100185543 /* firstapp */ = {
			isa = PBXGroup;
			children = (
				318F1CA02B31C1E100185543 /* AppDelegate.swift */,
				318F1CA22B31C1E100185543 /* SceneDelegate.swift */,
				318F1CA42B31C1E100185543 /* ViewController.swift */,
				318F1CA62B31C1E100185543 /* Main.storyboard */,
				318F1CA92B31C1E400185543 /* Assets.xcassets */,
				318F1CAB2B31C1E400185543 /* LaunchScreen.storyboard */,
				318F1CAE2B31C1E400185543 /* Info.plist */,
			);
			path = firstapp;
			sourceTree = "<group>";
		};
		318F1CB62B31C1E400185543 /* firstappTests */ = {
			isa = PBXGroup;
			children = (
				318F1CB72B31C1E400185543 /* firstappTests.swift */,
			);
			path = firstappTests;
			sourceTree = "<group>";
		};
		318F1CC02B31C1E400185543 /* firstappUITests */ = {
			isa = PBXGroup;
			children = (
				318F1CC12B31C1E400185543 /* firstappUITests.swift */,
				318F1CC32B31C1E400185543 /* firstappUITestsLaunchTests.swift */,
			);
			path = firstappUITests;
			sourceTree = "<group>";
		};
/* End PBXGroup section */

/* Begin PBXNativeTarget section */
		318F1C9C2B31C1E100185543 /* firstapp */ = {
			isa = PBXNativeTarget;
			buildConfigurationList = 318F1CC72B31C1E400185543 /* Build configuration list for PBXNativeTarget "firstapp" */;
			buildPhases = (
				318F1C992B31C1E100185543 /* Sources */,
				318F1C9A2B31C1E100185543 /* Frameworks */,
				318F1C9B2B31C1E100185543 /* Resources */,
			);
			buildRules = (
			);
			dependencies = (
			);
			name = firstapp;
			productName = firstapp;
			productReference = 318F1C9D2B31C1E100185543 /* firstapp.app */;
			productType = "com.apple.product-type.application";
		};
		318F1CB22B31C1E400185543 /* firstappTests */ = {
			isa = PBXNativeTarget;
			buildConfigurationList = 318F1CCA2B31C1E400185543 /* Build configuration list for PBXNativeTarget "firstappTests" */;
			buildPhases = (
				318F1CAF2B31C1E400185543 /* Sources */,
				318F1CB02B31C1E400185543 /* Frameworks */,
				318F1CB12B31C1E400185543 /* Resources */,
			);
			buildRules = (
			);
			dependencies = (
				318F1CB52B31C1E400185543 /* PBXTargetDependency */,
			);
			name = firstappTests;
			productName = firstappTests;
			productReference = 318F1CB32B31C1E400185543 /* firstappTests.xctest */;
			productType = "com.apple.product-type.bundle.unit-test";
		};
		318F1CBC2B31C1E400185543 /* firstappUITests */ = {
			isa = PBXNativeTarget;
			buildConfigurationList = 318F1CCD2B31C1E400185543 /* Build configuration list for PBXNativeTarget "firstappUITests" */;
			buildPhases = (
				318F1CB92B31C1E400185543 /* Sources */,
				318F1CBA2B31C1E400185543 /* Frameworks */,
				318F1CBB2B31C1E400185543 /* Resources */,
			);
			buildRules = (
			);
			dependencies = (
				318F1CBF2B31C1E400185543 /* PBXTargetDependency */,
			);
			name = firstappUITests;
			productName = firstappUITests;
			productReference = 318F1CBD2B31C1E400185543 /* firstappUITests.xctest */;
			productType = "com.apple.product-type.bundle.ui-testing";
		};
/* End PBXNativeTarget section */

/* Begin PBXProject section */
		318F1C952B31C1E100185543 /* Project object */ = {
			isa = PBXProject;
			attributes = {
				BuildIndependentTargetsInParallel = 1;
				LastSwiftUpdateCheck = 1430;
				LastUpgradeCheck = 1430;
				TargetAttributes = {
					318F1C9C2B31C1E100185543 = {
						CreatedOnToolsVersion = 14.3.1;
					};
					318F1CB22B31C1E400185543 = {
						CreatedOnToolsVersion = 14.3.1;
						TestTargetID = 318F1C9C2B31C1E100185543;
					};
					318F1CBC2B31C1E400185543 = {
						CreatedOnToolsVersion = 14.3.1;
						TestTargetID = 318F1C9C2B31C1E100185543;
					};
				};
			};
			buildConfigurationList = 318F1C982B31C1E100185543 /* Build configuration list for PBXProject "firstapp" */;
			compatibilityVersion = "Xcode 14.0";
			developmentRegion = en;
			hasScannedForEncodings = 0;
			knownRegions = (
				en,
				Base,
			);
			mainGroup = 318F1C942B31C1E100185543;
			productRefGroup = 318F1C9E2B31C1E100185543 /* Products */;
			projectDirPath = "";
			projectRoot = "";
			targets = (
				318F1C9C2B31C1E100185543 /* firstapp */,
				318F1CB22B31C1E400185543 /* firstappTests */,
				318F1CBC2B31C1E400185543 /* firstappUITests */,
			);
		};
/* End PBXProject section */

/* Begin PBXResourcesBuildPhase section */
		318F1C9B2B31C1E100185543 /* Resources */ = {
			isa = PBXResourcesBuildPhase;
			buildActionMask = 2147483647;
			files = (
				318F1CAD2B31C1E400185543 /* LaunchScreen.storyboard in Resources */,
				318F1CAA2B31C1E400185543 /* Assets.xcassets in Resources */,
				318F1CA82B31C1E100185543 /* Main.storyboard in Resources */,
			);
			runOnlyForDeploymentPostprocessing = 0;
		};
		318F1CB12B31C1E400185543 /* Resources */ = {
			isa = PBXResourcesBuildPhase;
			buildActionMask = 2147483647;
			files = (
			);
			runOnlyForDeploymentPostprocessing = 0;
		};
		318F1CBB2B31C1E400185543 /* Resources */ = {
			isa = PBXResourcesBuildPhase;
			buildActionMask = 2147483647;
			files = (
			);
			runOnlyForDeploymentPostprocessing = 0;
		};
/* End PBXResourcesBuildPhase section */

/* Begin PBXSourcesBuildPhase section */
		318F1C992B31C1E100185543 /* Sources */ = {
			isa = PBXSourcesBuildPhase;
			buildActionMask = 2147483647;
			files = (
				318F1CA52B31C1E100185543 /* ViewController.swift in Sources */,
				318F1CA12B31C1E100185543 /* AppDelegate.swift in Sources */,
				318F1CA32B31C1E100185543 /* SceneDelegate.swift in Sources */,
			);
			runOnlyForDeploymentPostprocessing = 0;
		};
		318F1CAF2B31C1E400185543 /* Sources */ = {
			isa = PBXSourcesBuildPhase;
			buildActionMask = 2147483647;
			files = (
				318F1CB82B31C1E400185543 /* firstappTests.swift in Sources */,
			);
			runOnlyForDeploymentPostprocessing = 0;
		};
		318F1CB92B31C1E400185543 /* Sources */ = {
			isa = PBXSourcesBuildPhase;
			buildActionMask = 2147483647;
			files = (
				318F1CC42B31C1E400185543 /* firstappUITestsLaunchTests.swift in Sources */,
				318F1CC22B31C1E400185543 /* firstappUITests.swift in Sources */,
			);
			runOnlyForDeploymentPostprocessing = 0;
		};
/* End PBXSourcesBuildPhase section */

/* Begin PBXTargetDependency section */
		318F1CB52B31C1E400185543 /* PBXTargetDependency */ = {
			isa = PBXTargetDependency;
			target = 318F1C9C2B31C1E100185543 /* firstapp */;
			targetProxy = 318F1CB42B31C1E400185543 /* PBXContainerItemProxy */;
		};
		318F1CBF2B31C1E400185543 /* PBXTargetDependency */ = {
			isa = PBXTargetDependency;
			target = 318F1C9C2B31C1E100185543 /* firstapp */;
			targetProxy = 318F1CBE2B31C1E400185543 /* PBXContainerItemProxy */;
		};
/* End PBXTargetDependency section */

/* Begin PBXVariantGroup section */
		318F1CA62B31C1E100185543 /* Main.storyboard */ = {
			isa = PBXVariantGroup;
			children = (
				318F1CA72B31C1E100185543 /* Base */,
			);
			name = Main.storyboard;
			sourceTree = "<group>";
		};
		318F1CAB2B31C1E400185543 /* LaunchScreen.storyboard */ = {
			isa = PBXVariantGroup;
			children = (
				318F1CAC2B31C1E400185543 /* Base */,
			);
			name = LaunchScreen.storyboard;
			sourceTree = "<group>";
		};
/* End PBXVariantGroup section */

/* Begin XCBuildConfiguration section */
		318F1CC52B31C1E400185543 /* Debug */ = {
			isa = XCBuildConfiguration;
			buildSettings = {
				ALWAYS_SEARCH_USER_PATHS = NO;
				CLANG_ANALYZER_NONNULL = YES;
				CLANG_ANALYZER_NUMBER_OBJECT_CONVERSION = YES_AGGRESSIVE;
				CLANG_CXX_LANGUAGE_STANDARD = "gnu++20";
				CLANG_ENABLE_MODULES = YES;
				CLANG_ENABLE_OBJC_ARC = YES;
				CLANG_ENABLE_OBJC_WEAK = YES;
				CLANG_WARN_BLOCK_CAPTURE_AUTORELEASING = YES;
				CLANG_WARN_BOOL_CONVERSION = YES;
				CLANG_WARN_COMMA = YES;
				CLANG_WARN_CONSTANT_CONVERSION = YES;
				CLANG_WARN_DEPRECATED_OBJC_IMPLEMENTATIONS = YES;
				CLANG_WARN_DIRECT_OBJC_ISA_USAGE = YES_ERROR;
				CLANG_WARN_DOCUMENTATION_COMMENTS = YES;
				CLANG_WARN_EMPTY_BODY = YES;
				CLANG_WARN_ENUM_CONVERSION = YES;
				CLANG_WARN_INFINITE_RECURSION = YES;
				CLANG_WARN_INT_CONVERSION = YES;
				CLANG_WARN_NON_LITERAL_NULL_CONVERSION = YES;
				CLANG_WARN_OBJC_IMPLICIT_RETAIN_SELF = YES;
				CLANG_WARN_OBJC_LITERAL_CONVERSION = YES;
				CLANG_WARN_OBJC_ROOT_CLASS = YES_ERROR;
				CLANG_WARN_QUOTED_INCLUDE_IN_FRAMEWORK_HEADER = YES;
				CLANG_WARN_RANGE_LOOP_ANALYSIS = YES;
				CLANG_WARN_STRICT_PROTOTYPES = YES;
				CLANG_WARN_SUSPICIOUS_MOVE = YES;
				CLANG_WARN_UNGUARDED_AVAILABILITY = YES_AGGRESSIVE;
				CLANG_WARN_UNREACHABLE_CODE = YES;
				CLANG_WARN__DUPLICATE_METHOD_MATCH = YES;
				COPY_PHASE_STRIP = NO;
				DEBUG_INFORMATION_FORMAT = dwarf;
				ENABLE_STRICT_OBJC_MSGSEND = YES;
				ENABLE_TESTABILITY = YES;
				GCC_C_LANGUAGE_STANDARD = gnu11;
				GCC_DYNAMIC_NO_PIC = NO;
				GCC_NO_COMMON_BLOCKS = YES;
				GCC_OPTIMIZATION_LEVEL = 0;
				GCC_PREPROCESSOR_DEFINITIONS = (
					"DEBUG=1",
					"$(inherited)",
				);
				GCC_WARN_64_TO_32_BIT_CONVERSION = YES;
				GCC_WARN_ABOUT_RETURN_TYPE = YES_ERROR;
				GCC_WARN_UNDECLARED_SELECTOR = YES;
				GCC_WARN_UNINITIALIZED_AUTOS = YES_AGGRESSIVE;
				GCC_WARN_UNUSED_FUNCTION = YES;
				GCC_WARN_UNUSED_VARIABLE = YES;
				IPHONEOS_DEPLOYMENT_TARGET = 16.4;
				MTL_ENABLE_DEBUG_INFO = INCLUDE_SOURCE;
				MTL_FAST_MATH = YES;
				ONLY_ACTIVE_ARCH = YES;
				SDKROOT = iphoneos;
				SWIFT_ACTIVE_COMPILATION_CONDITIONS = DEBUG;
				SWIFT_OPTIMIZATION_LEVEL = "-Onone";
			};
			name = Debug;
		};
		318F1CC62B31C1E400185543 /* Release */ = {
			isa = XCBuildConfiguration;
			buildSettings = {
				ALWAYS_SEARCH_USER_PATHS = NO;
				CLANG_ANALYZER_NONNULL = YES;
				CLANG_ANALYZER_NUMBER_OBJECT_CONVERSION = YES_AGGRESSIVE;
				CLANG_CXX_LANGUAGE_STANDARD = "gnu++20";
				CLANG_ENABLE_MODULES = YES;
				CLANG_ENABLE_OBJC_ARC = YES;
				CLANG_ENABLE_OBJC_WEAK = YES;
				CLANG_WARN_BLOCK_CAPTURE_AUTORELEASING = YES;
				CLANG_WARN_BOOL_CONVERSION = YES;
				CLANG_WARN_COMMA = YES;
				CLANG_WARN_CONSTANT_CONVERSION = YES;
				CLANG_WARN_DEPRECATED_OBJC_IMPLEMENTATIONS = YES;
				CLANG_WARN_DIRECT_OBJC_ISA_USAGE = YES_ERROR;
				CLANG_WARN_DOCUMENTATION_COMMENTS = YES;
				CLANG_WARN_EMPTY_BODY = YES;
				CLANG_WARN_ENUM_CONVERSION = YES;
				CLANG_WARN_INFINITE_RECURSION = YES;
				CLANG_WARN_INT_CONVERSION = YES;
				CLANG_WARN_NON_LITERAL_NULL_CONVERSION = YES;
				CLANG_WARN_OBJC_IMPLICIT_RETAIN_SELF = YES;
				CLANG_WARN_OBJC_LITERAL_CONVERSION = YES;
				CLANG_WARN_OBJC_ROOT_CLASS = YES_ERROR;
				CLANG_WARN_QUOTED_INCLUDE_IN_FRAMEWORK_HEADER = YES;
				CLANG_WARN_RANGE_LOOP_ANALYSIS = YES;
				CLANG_WARN_STRICT_PROTOTYPES = YES;
				CLANG_WARN_SUSPICIOUS_MOVE = YES;
				CLANG_WARN_UNGUARDED_AVAILABILITY = YES_AGGRESSIVE;
				CLANG_WARN_UNREACHABLE_CODE = YES;
				CLANG_WARN__DUPLICATE_METHOD_MATCH = YES;
				COPY_PHASE_STRIP = NO;
				DEBUG_INFORMATION_FORMAT = "dwarf-with-dsym";
				ENABLE_NS_ASSERTIONS = NO;
				ENABLE_STRICT_OBJC_MSGSEND = YES;
				GCC_C_LANGUAGE_STANDARD = gnu11;
				GCC_NO_COMMON_BLOCKS = YES;
				GCC_WARN_64_TO_32_BIT_CONVERSION = YES;
				GCC_WARN_ABOUT_RETURN_TYPE = YES_ERROR;
				GCC_WARN_UNDECLARED_SELECTOR = YES;
				GCC_WARN_UNINITIALIZED_AUTOS = YES_AGGRESSIVE;
				GCC_WARN_UNUSED_FUNCTION = YES;
				GCC_WARN_UNUSED_VARIABLE = YES;
				IPHONEOS_DEPLOYMENT_TARGET = 16.4;
				MTL_ENABLE_DEBUG_INFO = NO;
				MTL_FAST_MATH = YES;
				SDKROOT = iphoneos;
				SWIFT_COMPILATION_MODE = wholemodule;
				SWIFT_OPTIMIZATION_LEVEL = "-O";
				VALIDATE_PRODUCT = YES;
			};
			name = Release;
		};
		318F1CC82B31C1E400185543 /* Debug */ = {
			isa = XCBuildConfiguration;
			buildSettings = {
				ASSETCATALOG_COMPILER_APPICON_NAME = AppIcon;
				ASSETCATALOG_COMPILER_GLOBAL_ACCENT_COLOR_NAME = AccentColor;
				CODE_SIGN_STYLE = Automatic;
				CURRENT_PROJECT_VERSION = 1;
				GENERATE_INFOPLIST_FILE = YES;
				INFOPLIST_FILE = firstapp/Info.plist;
				INFOPLIST_KEY_CFBundleDisplayName = "firstapp ";
				INFOPLIST_KEY_UIApplicationSupportsIndirectInputEvents = YES;
				INFOPLIST_KEY_UILaunchStoryboardName = LaunchScreen;
				INFOPLIST_KEY_UIMainStoryboardFile = Main;
				INFOPLIST_KEY_UISupportedInterfaceOrientations_iPad = "UIInterfaceOrientationPortrait UIInterfaceOrientationPortraitUpsideDown UIInterfaceOrientationLandscapeLeft UIInterfaceOrientationLandscapeRight";
				INFOPLIST_KEY_UISupportedInterfaceOrientations_iPhone = "UIInterfaceOrientationPortrait UIInterfaceOrientationLandscapeLeft UIInterfaceOrientationLandscapeRight";
				LD_RUNPATH_SEARCH_PATHS = (
					"$(inherited)",
					"@executable_path/Frameworks",
				);
				MARKETING_VERSION = 1.0;
				PRODUCT_BUNDLE_IDENTIFIER = amelie.firstapp;
				PRODUCT_NAME = "$(TARGET_NAME)";
				SWIFT_EMIT_LOC_STRINGS = YES;
				SWIFT_VERSION = 5.0;
				TARGETED_DEVICE_FAMILY = "1,2";
			};
			name = Debug;
		};
		318F1CC92B31C1E400185543 /* Release */ = {
			isa = XCBuildConfiguration;
			buildSettings = {
				ASSETCATALOG_COMPILER_APPICON_NAME = AppIcon;
				ASSETCATALOG_COMPILER_GLOBAL_ACCENT_COLOR_NAME = AccentColor;
				CODE_SIGN_STYLE = Automatic;
				CURRENT_PROJECT_VERSION = 1;
				GENERATE_INFOPLIST_FILE = YES;
				INFOPLIST_FILE = firstapp/Info.plist;
				INFOPLIST_KEY_CFBundleDisplayName = "firstapp ";
				INFOPLIST_KEY_UIApplicationSupportsIndirectInputEvents = YES;
				INFOPLIST_KEY_UILaunchStoryboardName = LaunchScreen;
				INFOPLIST_KEY_UIMainStoryboardFile = Main;
				INFOPLIST_KEY_UISupportedInterfaceOrientations_iPad = "UIInterfaceOrientationPortrait UIInterfaceOrientationPortraitUpsideDown UIInterfaceOrientationLandscapeLeft UIInterfaceOrientationLandscapeRight";
				INFOPLIST_KEY_UISupportedInterfaceOrientations_iPhone = "UIInterfaceOrientationPortrait UIInterfaceOrientationLandscapeLeft UIInterfaceOrientationLandscapeRight";
				LD_RUNPATH_SEARCH_PATHS = (
					"$(inherited)",
					"@executable_path/Frameworks",
				);
				MARKETING_VERSION = 1.0;
				PRODUCT_BUNDLE_IDENTIFIER = amelie.firstapp;
				PRODUCT_NAME = "$(TARGET_NAME)";
				SWIFT_EMIT_LOC_STRINGS = YES;
				SWIFT_VERSION = 5.0;
				TARGETED_DEVICE_FAMILY = "1,2";
			};
			name = Release;
		};
		318F1CCB2B31C1E400185543 /* Debug */ = {
			isa = XCBuildConfiguration;
			buildSettings = {
				ALWAYS_EMBED_SWIFT_STANDARD_LIBRARIES = YES;
				BUNDLE_LOADER = "$(TEST_HOST)";
				CODE_SIGN_STYLE = Automatic;
				CURRENT_PROJECT_VERSION = 1;
				GENERATE_INFOPLIST_FILE = YES;
				IPHONEOS_DEPLOYMENT_TARGET = 16.4;
				MARKETING_VERSION = 1.0;
				PRODUCT_BUNDLE_IDENTIFIER = amelie.firstappTests;
				PRODUCT_NAME = "$(TARGET_NAME)";
				SWIFT_EMIT_LOC_STRINGS = NO;
				SWIFT_VERSION = 5.0;
				TARGETED_DEVICE_FAMILY = "1,2";
				TEST_HOST = "$(BUILT_PRODUCTS_DIR)/firstapp.app/$(BUNDLE_EXECUTABLE_FOLDER_PATH)/firstapp";
			};
			name = Debug;
		};
		318F1CCC2B31C1E400185543 /* Release */ = {
			isa = XCBuildConfiguration;
			buildSettings = {
				ALWAYS_EMBED_SWIFT_STANDARD_LIBRARIES = YES;
				BUNDLE_LOADER = "$(TEST_HOST)";
				CODE_SIGN_STYLE = Automatic;
				CURRENT_PROJECT_VERSION = 1;
				GENERATE_INFOPLIST_FILE = YES;
				IPHONEOS_DEPLOYMENT_TARGET = 16.4;
				MARKETING_VERSION = 1.0;
				PRODUCT_BUNDLE_IDENTIFIER = amelie.firstappTests;
				PRODUCT_NAME = "$(TARGET_NAME)";
				SWIFT_EMIT_LOC_STRINGS = NO;
				SWIFT_VERSION = 5.0;
				TARGETED_DEVICE_FAMILY = "1,2";
				TEST_HOST = "$(BUILT_PRODUCTS_DIR)/firstapp.app/$(BUNDLE_EXECUTABLE_FOLDER_PATH)/firstapp";
			};
			name = Release;
		};
		318F1CCE2B31C1E400185543 /* Debug */ = {
			isa = XCBuildConfiguration;
			buildSettings = {
				ALWAYS_EMBED_SWIFT_STANDARD_LIBRARIES = YES;
				CODE_SIGN_STYLE = Automatic;
				CURRENT_PROJECT_VERSION = 1;
				GENERATE_INFOPLIST_FILE = YES;
				MARKETING_VERSION = 1.0;
				PRODUCT_BUNDLE_IDENTIFIER = amelie.firstappUITests;
				PRODUCT_NAME = "$(TARGET_NAME)";
				SWIFT_EMIT_LOC_STRINGS = NO;
				SWIFT_VERSION = 5.0;
				TARGETED_DEVICE_FAMILY = "1,2";
				TEST_TARGET_NAME = firstapp;
			};
			name = Debug;
		};
		318F1CCF2B31C1E400185543 /* Release */ = {
			isa = XCBuildConfiguration;
			buildSettings = {
				ALWAYS_EMBED_SWIFT_STANDARD_LIBRARIES = YES;
				CODE_SIGN_STYLE = Automatic;
				CURRENT_PROJECT_VERSION = 1;
				GENERATE_INFOPLIST_FILE = YES;
				MARKETING_VERSION = 1.0;
				PRODUCT_BUNDLE_IDENTIFIER = amelie.firstappUITests;
				PRODUCT_NAME = "$(TARGET_NAME)";
				SWIFT_EMIT_LOC_STRINGS = NO;
				SWIFT_VERSION = 5.0;
				TARGETED_DEVICE_FAMILY = "1,2";
				TEST_TARGET_NAME = firstapp;
			};
			name = Release;
		};
/* End XCBuildConfiguration section */

/* Begin XCConfigurationList section */
		318F1C982B31C1E100185543 /* Build configuration list for PBXProject "firstapp" */ = {
			isa = XCConfigurationList;
			buildConfigurations = (
				318F1CC52B31C1E400185543 /* Debug */,
				318F1CC62B31C1E400185543 /* Release */,
			);
			defaultConfigurationIsVisible = 0;
			defaultConfigurationName = Release;
		};
		318F1CC72B31C1E400185543 /* Build configuration list for PBXNativeTarget "firstapp" */ = {
			isa = XCConfigurationList;
			buildConfigurations = (
				318F1CC82B31C1E400185543 /* Debug */,
				318F1CC92B31C1E400185543 /* Release */,
			);
			defaultConfigurationIsVisible = 0;
			defaultConfigurationName = Release;
		};
		318F1CCA2B31C1E400185543 /* Build configuration list for PBXNativeTarget "firstappTests" */ = {
			isa = XCConfigurationList;
			buildConfigurations = (
				318F1CCB2B31C1E400185543 /* Debug */,
				318F1CCC2B31C1E400185543 /* Release */,
			);
			defaultConfigurationIsVisible = 0;
			defaultConfigurationName = Release;
		};
		318F1CCD2B31C1E400185543 /* Build configuration list for PBXNativeTarget "firstappUITests" */ = {
			isa = XCConfigurationList;
			buildConfigurations = (
				318F1CCE2B31C1E400185543 /* Debug */,
				318F1CCF2B31C1E400185543 /* Release */,
			);
			defaultConfigurationIsVisible = 0;
			defaultConfigurationName = Release;
		};
/* End XCConfigurationList section */
	};
	rootObject = 318F1C952B31C1E100185543 /* Project object */;
}
